
Microsoft Visual Studio Solution File, Format Version 12.00
# Visual Studio Version 17
VisualStudioVersion = 17.6.33829.357
MinimumVisualStudioVersion = 10.0.40219.1
Project("{FAE04EC0-301F-11D3-BF4B-00C04F79EFBC}") = "PHDCommunityFinal", "PHDCommunityFinal\PHDCommunityFinal.csproj", "{782995F9-8D83-4793-B3F4-48CCC7478351}"
EndProject
Global
	GlobalSection(SolutionConfigurationPlatforms) = preSolution
		Debug|Any CPU = Debug|Any CPU
		Release|Any CPU = Release|Any CPU
	EndGlobalSection
	GlobalSection(ProjectConfigurationPlatforms) = postSolution
		{782995F9-8D83-4793-B3F4-48CCC7478351}.Debug|Any CPU.ActiveCfg = Debug|Any CPU
		{782995F9-8D83-4793-B3F4-48CCC7478351}.Debug|Any CPU.Build.0 = Debug|Any CPU
		{782995F9-8D83-4793-B3F4-48CCC7478351}.Release|Any CPU.ActiveCfg = Release|Any CPU
		{782995F9-8D83-4793-B3F4-48CCC7478351}.Release|Any CPU.Build.0 = Release|Any CPU
	EndGlobalSection
	GlobalSection(SolutionProperties) = preSolution
		HideSolutionNode = FALSE
	EndGlobalSection
	GlobalSection(ExtensibilityGlobals) = postSolution
		SolutionGuid = {3AEE6878-FC66-4701-9935-9893520342F1}
	EndGlobalSection
EndGlobal
